{
  "name": "wonyoung-jang.github.io",
  "lockfileVersion": 3,
  "requires": true,
  "packages": {
    "": {
      "dependencies": {
        "@ibm/plex": "^6.4.0"
      }
    },
    "node_modules/@ibm/plex": {
      "version": "6.4.0",
      "resolved": "https://registry.npmjs.org/@ibm/plex/-/plex-6.4.0.tgz",
      "integrity": "sha512-P70hmNoSJhpV6fGG4++JEivoccUVuvkyZoXprsDmPTtv3s6QvL+Q8bK3HFSGmK/VgyLMDptoKPV7b/h/1xaWAw=="
    }
  }
}
